
Microsoft Visual Studio Solution File, Format Version 12.00
# Visual Studio Version 17
VisualStudioVersion = 17.4.33213.308
MinimumVisualStudioVersion = 10.0.40219.1
Project("{FAE04EC0-301F-11D3-BF4B-00C04F79EFBC}") = "TestMVC", "TestMVC\TestMVC.csproj", "{3DB8D285-D1D6-47FE-8EBD-A5F99DBA49F8}"
EndProject
Global
	GlobalSection(SolutionConfigurationPlatforms) = preSolution
		Debug|Any CPU = Debug|Any CPU
		Release|Any CPU = Release|Any CPU
	EndGlobalSection
	GlobalSection(ProjectConfigurationPlatforms) = postSolution
		{3DB8D285-D1D6-47FE-8EBD-A5F99DBA49F8}.Debug|Any CPU.ActiveCfg = Debug|Any CPU
		{3DB8D285-D1D6-47FE-8EBD-A5F99DBA49F8}.Debug|Any CPU.Build.0 = Debug|Any CPU
		{3DB8D285-D1D6-47FE-8EBD-A5F99DBA49F8}.Release|Any CPU.ActiveCfg = Release|Any CPU
		{3DB8D285-D1D6-47FE-8EBD-A5F99DBA49F8}.Release|Any CPU.Build.0 = Release|Any CPU
	EndGlobalSection
	GlobalSection(SolutionProperties) = preSolution
		HideSolutionNode = FALSE
	EndGlobalSection
	GlobalSection(ExtensibilityGlobals) = postSolution
		SolutionGuid = {F7AD8F35-A298-43B9-8C90-11D794EEA233}
	EndGlobalSection
EndGlobal
